
Microsoft Visual Studio Solution File, Format Version 12.00
# Visual Studio Version 17
VisualStudioVersion = 17.3.32804.467
MinimumVisualStudioVersion = 10.0.40219.1
Project("{2150E333-8FDC-42A3-9474-1A3956D46DE8}") = "Services", "Services", "{AC18602A-F5E2-4739-9BF7-E9CF22F1642A}"
EndProject
Project("{2150E333-8FDC-42A3-9474-1A3956D46DE8}") = "BuildingBlocks", "BuildingBlocks", "{5CDBFF4C-C3D0-4B33-99A9-63EBEC1D6A0F}"
EndProject
Project("{2150E333-8FDC-42A3-9474-1A3956D46DE8}") = "Solution Items", "Solution Items", "{F30EFB19-3944-4D62-8668-59B14DC6CD27}"
EndProject
Project("{9A19103F-16F7-4668-BE54-9A1E7A4F7556}") = "EventBus", "BuildingBlocks\EventBus\EventBus.csproj", "{D867FBFA-43B5-4D26-B721-F37CDF3778C4}"
EndProject
Project("{9A19103F-16F7-4668-BE54-9A1E7A4F7556}") = "EventBus.RabbitMQ", "BuildingBlocks\EventBus.RabbitMQ\EventBus.RabbitMQ.csproj", "{D372B4F1-4A82-44D4-8823-1B6BFCD0A95F}"
EndProject
Project("{9A19103F-16F7-4668-BE54-9A1E7A4F7556}") = "Application", "BuildingBlocks\Application\Application.csproj", "{4F5EFC67-17BC-4DE7-B525-084E169480B0}"
EndProject
Project("{9A19103F-16F7-4668-BE54-9A1E7A4F7556}") = "Infrastructure.EFCore", "BuildingBlocks\Infrastructure.EFCore\Infrastructure.EFCore.csproj", "{7B47047C-41AC-424F-A7CC-050210E8316A}"
EndProject
Project("{9A19103F-16F7-4668-BE54-9A1E7A4F7556}") = "Infrastructure", "BuildingBlocks\Infrastructure\Infrastructure.csproj", "{62743BB8-80BD-41FD-BC1C-75CB3916CC3E}"
EndProject
Project("{2150E333-8FDC-42A3-9474-1A3956D46DE8}") = "VideoManager", "VideoManager", "{7B3DD36D-EA6A-47CF-BA7A-FB40F52DA584}"
EndProject
Project("{9A19103F-16F7-4668-BE54-9A1E7A4F7556}") = "VideoManager.Domain", "Services\VideoManager\VideoManager.Domain\VideoManager.Domain.csproj", "{CA900556-C9B5-41AF-8C62-7B52DAADE1EF}"
EndProject
Project("{9A19103F-16F7-4668-BE54-9A1E7A4F7556}") = "VideoManager.Infrastructure", "Services\VideoManager\VideoManager.Infrastructure\VideoManager.Infrastructure.csproj", "{B7239A67-4A92-47F4-88B7-889A9F44BBA2}"
EndProject
Project("{9A19103F-16F7-4668-BE54-9A1E7A4F7556}") = "SharedKernel", "BuildingBlocks\SharedKernel\SharedKernel.csproj", "{08ABE783-C034-48D5-B995-4418B253221E}"
EndProject
Project("{9A19103F-16F7-4668-BE54-9A1E7A4F7556}") = "VideoManager.API", "Services\VideoManager\VideoManager.API\VideoManager.API.csproj", "{9B05EED4-BB83-4360-8ED2-441851D8E4E6}"
EndProject
Project("{9A19103F-16F7-4668-BE54-9A1E7A4F7556}") = "Storage.API", "Services\Storage\Storage.API\Storage.API.csproj", "{F3E21DB8-4C79-4435-8D82-BF23FCF1F117}"
EndProject
Project("{2150E333-8FDC-42A3-9474-1A3956D46DE8}") = "IdentityProvider", "IdentityProvider", "{6D40FEC5-FA5B-46A1-80DC-25ED6AE01181}"
EndProject
Project("{2150E333-8FDC-42A3-9474-1A3956D46DE8}") = "Storage", "Storage", "{2A398211-6E34-4801-9ED3-4EDBED3A534B}"
EndProject
Project("{9A19103F-16F7-4668-BE54-9A1E7A4F7556}") = "Storage.Infrastructure", "Services\Storage\Storage.Infrastructure\Storage.Infrastructure.csproj", "{5BD7ED46-6E49-4E50-9883-9F7C6E204AB9}"
EndProject
Project("{9A19103F-16F7-4668-BE54-9A1E7A4F7556}") = "Storage.Domain", "Services\Storage\Storage.Domain\Storage.Domain.csproj", "{A83A506A-BE0A-45B2-89B0-7B8715D42954}"
EndProject
Project("{2150E333-8FDC-42A3-9474-1A3956D46DE8}") = "ApiGateway", "ApiGateway", "{E43F33D9-A86F-455A-9A46-F27926166F07}"
EndProject
Project("{9A19103F-16F7-4668-BE54-9A1E7A4F7556}") = "VideoManager.SignalRHub", "Services\VideoManager\VideoManager.SignalRHub\VideoManager.SignalRHub.csproj", "{F594C962-B408-48BD-AC16-AD5D357624A7}"
EndProject
Project("{2150E333-8FDC-42A3-9474-1A3956D46DE8}") = "VideoProcessor", "VideoProcessor", "{FAE23B5F-F731-4234-944E-A3D2C878FB89}"
EndProject
Project("{9A19103F-16F7-4668-BE54-9A1E7A4F7556}") = "VideoProcessor.Application", "Services\VideoProcessor\VideoProcessor.Application\VideoProcessor.Application.csproj", "{CFA8DC2A-09D5-4307-91E3-FB8D9B76F269}"
EndProject
Project("{9A19103F-16F7-4668-BE54-9A1E7A4F7556}") = "VideoProcessor.Domain", "Services\VideoProcessor\VideoProcessor.Domain\VideoProcessor.Domain.csproj", "{DF6B9EB7-EDA5-4B0E-A2A9-6087CE7CA845}"
EndProject
Project("{9A19103F-16F7-4668-BE54-9A1E7A4F7556}") = "VideoProcessor.Infrastructure", "Services\VideoProcessor\VideoProcessor.Infrastructure\VideoProcessor.Infrastructure.csproj", "{91D0FA39-CEA8-4859-ACE0-EE89D2C8885B}"
EndProject
Project("{2150E333-8FDC-42A3-9474-1A3956D46DE8}") = "VideoStore", "VideoStore", "{871484EF-BE68-4298-A48A-75681F614E43}"
EndProject
Project("{2150E333-8FDC-42A3-9474-1A3956D46DE8}") = "Community", "Community", "{653C119A-2514-40AB-B8C3-94E91F105435}"
EndProject
Project("{9A19103F-16F7-4668-BE54-9A1E7A4F7556}") = "VideoStore.API", "Services\VideoStore\VideoStore.API\VideoStore.API.csproj", "{EAD10021-08D5-4B5A-84CA-C19D5685E8AF}"
EndProject
Project("{9A19103F-16F7-4668-BE54-9A1E7A4F7556}") = "VideoStore.Domain", "Services\VideoStore\VideoStore.Domain\VideoStore.Domain.csproj", "{9670FB62-1BEC-445F-87AE-F415385992C4}"
EndProject
Project("{9A19103F-16F7-4668-BE54-9A1E7A4F7556}") = "VideoStore.Infrastructure", "Services\VideoStore\VideoStore.Infrastructure\VideoStore.Infrastructure.csproj", "{B2BD2B60-A249-4E8D-A160-22B29421F338}"
EndProject
Project("{9A19103F-16F7-4668-BE54-9A1E7A4F7556}") = "Community.API", "Services\Community\Community.API\Community.API.csproj", "{9B65EE60-9AC8-4CC7-B659-A7009F1BC440}"
EndProject
Project("{9A19103F-16F7-4668-BE54-9A1E7A4F7556}") = "Community.Domain", "Services\Community\Community.Domain\Community.Domain.csproj", "{AFE2FDA8-D489-4D68-BD3C-4D1A59FDFF9D}"
EndProject
Project("{9A19103F-16F7-4668-BE54-9A1E7A4F7556}") = "Community.Infrastructure", "Services\Community\Community.Infrastructure\Community.Infrastructure.csproj", "{25B950EF-C6FB-4AAB-85F3-22FB94F5A7A5}"
EndProject
Project("{9A19103F-16F7-4668-BE54-9A1E7A4F7556}") = "Domain", "BuildingBlocks\Domain\Domain.csproj", "{A03BB79A-636D-4DD8-8E60-A65B03144520}"
EndProject
Project("{2150E333-8FDC-42A3-9474-1A3956D46DE8}") = "Library", "Library", "{DF0A7A2B-0801-4B43-A032-339976A8B5C4}"
EndProject
Project("{2150E333-8FDC-42A3-9474-1A3956D46DE8}") = "Search", "Search", "{85CE2D23-8EE2-40C8-9D6B-1505052E9365}"
EndProject
Project("{9A19103F-16F7-4668-BE54-9A1E7A4F7556}") = "Library.API", "Services\Library\Library.API\Library.API.csproj", "{3FFD75C4-D1F6-4B8C-B005-5979B0118EE8}"
EndProject
Project("{9A19103F-16F7-4668-BE54-9A1E7A4F7556}") = "Library.Domain", "Services\Library\Library.Domain\Library.Domain.csproj", "{3A092B11-FE47-4AF2-956E-5C96B838C6C7}"
EndProject
Project("{9A19103F-16F7-4668-BE54-9A1E7A4F7556}") = "Library.Infrastructure", "Services\Library\Library.Infrastructure\Library.Infrastructure.csproj", "{C0975F3C-84AA-4321-A341-C94A0A7CD5A9}"
EndProject
Project("{9A19103F-16F7-4668-BE54-9A1E7A4F7556}") = "Infrastructure.MongoDb", "BuildingBlocks\Infrastructure.MongoDb\Infrastructure.MongoDb.csproj", "{B2286C2F-3D99-429E-9DEE-C2BD2100F7B9}"
EndProject
Project("{9A19103F-16F7-4668-BE54-9A1E7A4F7556}") = "Search.API", "Services\Search\Search.API\Search.API.csproj", "{21CFF707-1ED3-4718-911A-B3CC4B7B1B9D}"
EndProject
Project("{9A19103F-16F7-4668-BE54-9A1E7A4F7556}") = "Search.Domain", "Services\Search\Search.Domain\Search.Domain.csproj", "{987D1B6F-06DC-48DA-BD9A-002E19D0FDAC}"
EndProject
Project("{9A19103F-16F7-4668-BE54-9A1E7A4F7556}") = "Search.Infrastructure", "Services\Search\Search.Infrastructure\Search.Infrastructure.csproj", "{31064910-9665-4443-B2B2-E568C2E37B66}"
EndProject
Project("{9A19103F-16F7-4668-BE54-9A1E7A4F7556}") = "Infrastructure.Elasticsearch", "BuildingBlocks\Infrastructure.Elasticsearch\Infrastructure.Elasticsearch.csproj", "{84428FFB-1085-4384-858A-AC4459E82385}"
EndProject
Project("{2150E333-8FDC-42A3-9474-1A3956D46DE8}") = "Subscriptions", "Subscriptions", "{4F90A4A4-226F-4160-80EC-EE80F7DE2E0D}"
EndProject
Project("{2150E333-8FDC-42A3-9474-1A3956D46DE8}") = "History", "History", "{9EEB5DE5-C3A2-475A-98B2-AB9CBD803DC6}"
EndProject
Project("{9A19103F-16F7-4668-BE54-9A1E7A4F7556}") = "Storage.Shared", "Services\Storage\Storage.Shared\Storage.Shared.csproj", "{AC0E3548-03A1-4931-AB56-76C18E429F1B}"
EndProject
Project("{2150E333-8FDC-42A3-9474-1A3956D46DE8}") = "Users", "Users", "{FCB114D1-13F7-4DEF-B474-08E97E313D78}"
EndProject
Project("{9A19103F-16F7-4668-BE54-9A1E7A4F7556}") = "ApiGateway", "Services\ApiGateway\ApiGateway.csproj", "{7E3CF3CA-87DF-4C48-B47A-315663AFC5C4}"
EndProject
Project("{9A19103F-16F7-4668-BE54-9A1E7A4F7556}") = "History.API", "Services\History\History.API\History.API.csproj", "{7B07431C-6E5C-4D77-8B97-42010D8FA040}"
EndProject
Project("{9A19103F-16F7-4668-BE54-9A1E7A4F7556}") = "History.Domain", "Services\History\History.Domain\History.Domain.csproj", "{965A7CF7-960F-49B0-9B53-CC1FD59905CB}"
EndProject
Project("{9A19103F-16F7-4668-BE54-9A1E7A4F7556}") = "History.Infrastructure", "Services\History\History.Infrastructure\History.Infrastructure.csproj", "{14D2CB60-44C4-41A0-A69E-37E0F36DE962}"
EndProject
Project("{9A19103F-16F7-4668-BE54-9A1E7A4F7556}") = "Subscriptions.Domain", "Services\Subscriptions\Subscriptions.Domain\Subscriptions.Domain.csproj", "{96A1536E-8176-4692-8FCB-6A7020F6F1F8}"
EndProject
Project("{9A19103F-16F7-4668-BE54-9A1E7A4F7556}") = "Subscriptions.Infrastructure", "Services\Subscriptions\Subscriptions.Infrastructure\Subscriptions.Infrastructure.csproj", "{00723030-144B-4985-AC59-B7F398417E1F}"
EndProject
Project("{9A19103F-16F7-4668-BE54-9A1E7A4F7556}") = "Subscriptions.API", "Services\Subscriptions\Subscriptions.API\Subscriptions.API.csproj", "{80B8F359-8740-4409-92DA-557CE23228FD}"
EndProject
Project("{9A19103F-16F7-4668-BE54-9A1E7A4F7556}") = "Users.API", "Services\Users\Users.API\Users.API.csproj", "{FA68D2B4-A3A4-4CEB-8A2E-43E0B2788FA9}"
EndProject
Project("{9A19103F-16F7-4668-BE54-9A1E7A4F7556}") = "Users.Domain", "Services\Users\Users.Domain\Users.Domain.csproj", "{CA6716A9-2416-4A2A-9C19-69940DF1AB78}"
EndProject
Project("{9A19103F-16F7-4668-BE54-9A1E7A4F7556}") = "Users.Infrastructure", "Services\Users\Users.Infrastructure\Users.Infrastructure.csproj", "{9FE63AA6-C594-4F1A-BA9F-EA1ACA374B24}"
EndProject
Project("{9A19103F-16F7-4668-BE54-9A1E7A4F7556}") = "EventBus.Helper", "BuildingBlocks\EventBus.Helper\EventBus.Helper.csproj", "{0F1DB00F-8562-447D-8570-E4A5E8427203}"
EndProject
Project("{E53339B2-1760-4266-BCC7-CA923CBCF16C}") = "docker-compose", "docker-compose.dcproj", "{56536035-D4CB-4C81-823E-654C929234DE}"
EndProject
Project("{2150E333-8FDC-42A3-9474-1A3956D46DE8}") = "WebStatus", "WebStatus", "{EBB13E6F-75B8-46F4-A1DD-1B479486CB8A}"
EndProject
Project("{9A19103F-16F7-4668-BE54-9A1E7A4F7556}") = "IdentityProvider", "Services\IdentityProvider\IdentityProvider\IdentityProvider.csproj", "{F4DD06E8-A9D5-4874-A31E-16CC6804BCF3}"
EndProject
Project("{9A19103F-16F7-4668-BE54-9A1E7A4F7556}") = "WebStatus", "Services\WebStatus\WebStatus\WebStatus.csproj", "{21683839-F04E-45F6-9266-01574D4FC774}"
EndProject
Global
	GlobalSection(SolutionConfigurationPlatforms) = preSolution
		Debug|Any CPU = Debug|Any CPU
		Release|Any CPU = Release|Any CPU
	EndGlobalSection
	GlobalSection(ProjectConfigurationPlatforms) = postSolution
		{D867FBFA-43B5-4D26-B721-F37CDF3778C4}.Debug|Any CPU.ActiveCfg = Debug|Any CPU
		{D867FBFA-43B5-4D26-B721-F37CDF3778C4}.Debug|Any CPU.Build.0 = Debug|Any CPU
		{D867FBFA-43B5-4D26-B721-F37CDF3778C4}.Release|Any CPU.ActiveCfg = Release|Any CPU
		{D867FBFA-43B5-4D26-B721-F37CDF3778C4}.Release|Any CPU.Build.0 = Release|Any CPU
		{D372B4F1-4A82-44D4-8823-1B6BFCD0A95F}.Debug|Any CPU.ActiveCfg = Debug|Any CPU
		{D372B4F1-4A82-44D4-8823-1B6BFCD0A95F}.Debug|Any CPU.Build.0 = Debug|Any CPU
		{D372B4F1-4A82-44D4-8823-1B6BFCD0A95F}.Release|Any CPU.ActiveCfg = Release|Any CPU
		{D372B4F1-4A82-44D4-8823-1B6BFCD0A95F}.Release|Any CPU.Build.0 = Release|Any CPU
		{4F5EFC67-17BC-4DE7-B525-084E169480B0}.Debug|Any CPU.ActiveCfg = Debug|Any CPU
		{4F5EFC67-17BC-4DE7-B525-084E169480B0}.Debug|Any CPU.Build.0 = Debug|Any CPU
		{4F5EFC67-17BC-4DE7-B525-084E169480B0}.Release|Any CPU.ActiveCfg = Release|Any CPU
		{4F5EFC67-17BC-4DE7-B525-084E169480B0}.Release|Any CPU.Build.0 = Release|Any CPU
		{7B47047C-41AC-424F-A7CC-050210E8316A}.Debug|Any CPU.ActiveCfg = Debug|Any CPU
		{7B47047C-41AC-424F-A7CC-050210E8316A}.Debug|Any CPU.Build.0 = Debug|Any CPU
		{7B47047C-41AC-424F-A7CC-050210E8316A}.Release|Any CPU.ActiveCfg = Release|Any CPU
		{7B47047C-41AC-424F-A7CC-050210E8316A}.Release|Any CPU.Build.0 = Release|Any CPU
		{62743BB8-80BD-41FD-BC1C-75CB3916CC3E}.Debug|Any CPU.ActiveCfg = Debug|Any CPU
		{62743BB8-80BD-41FD-BC1C-75CB3916CC3E}.Debug|Any CPU.Build.0 = Debug|Any CPU
		{62743BB8-80BD-41FD-BC1C-75CB3916CC3E}.Release|Any CPU.ActiveCfg = Release|Any CPU
		{62743BB8-80BD-41FD-BC1C-75CB3916CC3E}.Release|Any CPU.Build.0 = Release|Any CPU
		{CA900556-C9B5-41AF-8C62-7B52DAADE1EF}.Debug|Any CPU.ActiveCfg = Debug|Any CPU
		{CA900556-C9B5-41AF-8C62-7B52DAADE1EF}.Debug|Any CPU.Build.0 = Debug|Any CPU
		{CA900556-C9B5-41AF-8C62-7B52DAADE1EF}.Release|Any CPU.ActiveCfg = Release|Any CPU
		{CA900556-C9B5-41AF-8C62-7B52DAADE1EF}.Release|Any CPU.Build.0 = Release|Any CPU
		{B7239A67-4A92-47F4-88B7-889A9F44BBA2}.Debug|Any CPU.ActiveCfg = Debug|Any CPU
		{B7239A67-4A92-47F4-88B7-889A9F44BBA2}.Debug|Any CPU.Build.0 = Debug|Any CPU
		{B7239A67-4A92-47F4-88B7-889A9F44BBA2}.Release|Any CPU.ActiveCfg = Release|Any CPU
		{B7239A67-4A92-47F4-88B7-889A9F44BBA2}.Release|Any CPU.Build.0 = Release|Any CPU
		{08ABE783-C034-48D5-B995-4418B253221E}.Debug|Any CPU.ActiveCfg = Debug|Any CPU
		{08ABE783-C034-48D5-B995-4418B253221E}.Debug|Any CPU.Build.0 = Debug|Any CPU
		{08ABE783-C034-48D5-B995-4418B253221E}.Release|Any CPU.ActiveCfg = Release|Any CPU
		{08ABE783-C034-48D5-B995-4418B253221E}.Release|Any CPU.Build.0 = Release|Any CPU
		{9B05EED4-BB83-4360-8ED2-441851D8E4E6}.Debug|Any CPU.ActiveCfg = Debug|Any CPU
		{9B05EED4-BB83-4360-8ED2-441851D8E4E6}.Debug|Any CPU.Build.0 = Debug|Any CPU
		{9B05EED4-BB83-4360-8ED2-441851D8E4E6}.Release|Any CPU.ActiveCfg = Release|Any CPU
		{9B05EED4-BB83-4360-8ED2-441851D8E4E6}.Release|Any CPU.Build.0 = Release|Any CPU
		{F3E21DB8-4C79-4435-8D82-BF23FCF1F117}.Debug|Any CPU.ActiveCfg = Debug|Any CPU
		{F3E21DB8-4C79-4435-8D82-BF23FCF1F117}.Debug|Any CPU.Build.0 = Debug|Any CPU
		{F3E21DB8-4C79-4435-8D82-BF23FCF1F117}.Release|Any CPU.ActiveCfg = Release|Any CPU
		{F3E21DB8-4C79-4435-8D82-BF23FCF1F117}.Release|Any CPU.Build.0 = Release|Any CPU
		{5BD7ED46-6E49-4E50-9883-9F7C6E204AB9}.Debug|Any CPU.ActiveCfg = Debug|Any CPU
		{5BD7ED46-6E49-4E50-9883-9F7C6E204AB9}.Debug|Any CPU.Build.0 = Debug|Any CPU
		{5BD7ED46-6E49-4E50-9883-9F7C6E204AB9}.Release|Any CPU.ActiveCfg = Release|Any CPU
		{5BD7ED46-6E49-4E50-9883-9F7C6E204AB9}.Release|Any CPU.Build.0 = Release|Any CPU
		{A83A506A-BE0A-45B2-89B0-7B8715D42954}.Debug|Any CPU.ActiveCfg = Debug|Any CPU
		{A83A506A-BE0A-45B2-89B0-7B8715D42954}.Debug|Any CPU.Build.0 = Debug|Any CPU
		{A83A506A-BE0A-45B2-89B0-7B8715D42954}.Release|Any CPU.ActiveCfg = Release|Any CPU
		{A83A506A-BE0A-45B2-89B0-7B8715D42954}.Release|Any CPU.Build.0 = Release|Any CPU
		{F594C962-B408-48BD-AC16-AD5D357624A7}.Debug|Any CPU.ActiveCfg = Debug|Any CPU
		{F594C962-B408-48BD-AC16-AD5D357624A7}.Debug|Any CPU.Build.0 = Debug|Any CPU
		{F594C962-B408-48BD-AC16-AD5D357624A7}.Release|Any CPU.ActiveCfg = Release|Any CPU
		{F594C962-B408-48BD-AC16-AD5D357624A7}.Release|Any CPU.Build.0 = Release|Any CPU
		{CFA8DC2A-09D5-4307-91E3-FB8D9B76F269}.Debug|Any CPU.ActiveCfg = Debug|Any CPU
		{CFA8DC2A-09D5-4307-91E3-FB8D9B76F269}.Debug|Any CPU.Build.0 = Debug|Any CPU
		{CFA8DC2A-09D5-4307-91E3-FB8D9B76F269}.Release|Any CPU.ActiveCfg = Release|Any CPU
		{CFA8DC2A-09D5-4307-91E3-FB8D9B76F269}.Release|Any CPU.Build.0 = Release|Any CPU
		{DF6B9EB7-EDA5-4B0E-A2A9-6087CE7CA845}.Debug|Any CPU.ActiveCfg = Debug|Any CPU
		{DF6B9EB7-EDA5-4B0E-A2A9-6087CE7CA845}.Debug|Any CPU.Build.0 = Debug|Any CPU
		{DF6B9EB7-EDA5-4B0E-A2A9-6087CE7CA845}.Release|Any CPU.ActiveCfg = Release|Any CPU
		{DF6B9EB7-EDA5-4B0E-A2A9-6087CE7CA845}.Release|Any CPU.Build.0 = Release|Any CPU
		{91D0FA39-CEA8-4859-ACE0-EE89D2C8885B}.Debug|Any CPU.ActiveCfg = Debug|Any CPU
		{91D0FA39-CEA8-4859-ACE0-EE89D2C8885B}.Debug|Any CPU.Build.0 = Debug|Any CPU
		{91D0FA39-CEA8-4859-ACE0-EE89D2C8885B}.Release|Any CPU.ActiveCfg = Release|Any CPU
		{91D0FA39-CEA8-4859-ACE0-EE89D2C8885B}.Release|Any CPU.Build.0 = Release|Any CPU
		{EAD10021-08D5-4B5A-84CA-C19D5685E8AF}.Debug|Any CPU.ActiveCfg = Debug|Any CPU
		{EAD10021-08D5-4B5A-84CA-C19D5685E8AF}.Debug|Any CPU.Build.0 = Debug|Any CPU
		{EAD10021-08D5-4B5A-84CA-C19D5685E8AF}.Release|Any CPU.ActiveCfg = Release|Any CPU
		{EAD10021-08D5-4B5A-84CA-C19D5685E8AF}.Release|Any CPU.Build.0 = Release|Any CPU
		{9670FB62-1BEC-445F-87AE-F415385992C4}.Debug|Any CPU.ActiveCfg = Debug|Any CPU
		{9670FB62-1BEC-445F-87AE-F415385992C4}.Debug|Any CPU.Build.0 = Debug|Any CPU
		{9670FB62-1BEC-445F-87AE-F415385992C4}.Release|Any CPU.ActiveCfg = Release|Any CPU
		{9670FB62-1BEC-445F-87AE-F415385992C4}.Release|Any CPU.Build.0 = Release|Any CPU
		{B2BD2B60-A249-4E8D-A160-22B29421F338}.Debug|Any CPU.ActiveCfg = Debug|Any CPU
		{B2BD2B60-A249-4E8D-A160-22B29421F338}.Debug|Any CPU.Build.0 = Debug|Any CPU
		{B2BD2B60-A249-4E8D-A160-22B29421F338}.Release|Any CPU.ActiveCfg = Release|Any CPU
		{B2BD2B60-A249-4E8D-A160-22B29421F338}.Release|Any CPU.Build.0 = Release|Any CPU
		{9B65EE60-9AC8-4CC7-B659-A7009F1BC440}.Debug|Any CPU.ActiveCfg = Debug|Any CPU
		{9B65EE60-9AC8-4CC7-B659-A7009F1BC440}.Debug|Any CPU.Build.0 = Debug|Any CPU
		{9B65EE60-9AC8-4CC7-B659-A7009F1BC440}.Release|Any CPU.ActiveCfg = Release|Any CPU
		{9B65EE60-9AC8-4CC7-B659-A7009F1BC440}.Release|Any CPU.Build.0 = Release|Any CPU
		{AFE2FDA8-D489-4D68-BD3C-4D1A59FDFF9D}.Debug|Any CPU.ActiveCfg = Debug|Any CPU
		{AFE2FDA8-D489-4D68-BD3C-4D1A59FDFF9D}.Debug|Any CPU.Build.0 = Debug|Any CPU
		{AFE2FDA8-D489-4D68-BD3C-4D1A59FDFF9D}.Release|Any CPU.ActiveCfg = Release|Any CPU
		{AFE2FDA8-D489-4D68-BD3C-4D1A59FDFF9D}.Release|Any CPU.Build.0 = Release|Any CPU
		{25B950EF-C6FB-4AAB-85F3-22FB94F5A7A5}.Debug|Any CPU.ActiveCfg = Debug|Any CPU
		{25B950EF-C6FB-4AAB-85F3-22FB94F5A7A5}.Debug|Any CPU.Build.0 = Debug|Any CPU
		{25B950EF-C6FB-4AAB-85F3-22FB94F5A7A5}.Release|Any CPU.ActiveCfg = Release|Any CPU
		{25B950EF-C6FB-4AAB-85F3-22FB94F5A7A5}.Release|Any CPU.Build.0 = Release|Any CPU
		{A03BB79A-636D-4DD8-8E60-A65B03144520}.Debug|Any CPU.ActiveCfg = Debug|Any CPU
		{A03BB79A-636D-4DD8-8E60-A65B03144520}.Debug|Any CPU.Build.0 = Debug|Any CPU
		{A03BB79A-636D-4DD8-8E60-A65B03144520}.Release|Any CPU.ActiveCfg = Release|Any CPU
		{A03BB79A-636D-4DD8-8E60-A65B03144520}.Release|Any CPU.Build.0 = Release|Any CPU
		{3FFD75C4-D1F6-4B8C-B005-5979B0118EE8}.Debug|Any CPU.ActiveCfg = Debug|Any CPU
		{3FFD75C4-D1F6-4B8C-B005-5979B0118EE8}.Debug|Any CPU.Build.0 = Debug|Any CPU
		{3FFD75C4-D1F6-4B8C-B005-5979B0118EE8}.Release|Any CPU.ActiveCfg = Release|Any CPU
		{3FFD75C4-D1F6-4B8C-B005-5979B0118EE8}.Release|Any CPU.Build.0 = Release|Any CPU
		{3A092B11-FE47-4AF2-956E-5C96B838C6C7}.Debug|Any CPU.ActiveCfg = Debug|Any CPU
		{3A092B11-FE47-4AF2-956E-5C96B838C6C7}.Debug|Any CPU.Build.0 = Debug|Any CPU
		{3A092B11-FE47-4AF2-956E-5C96B838C6C7}.Release|Any CPU.ActiveCfg = Release|Any CPU
		{3A092B11-FE47-4AF2-956E-5C96B838C6C7}.Release|Any CPU.Build.0 = Release|Any CPU
		{C0975F3C-84AA-4321-A341-C94A0A7CD5A9}.Debug|Any CPU.ActiveCfg = Debug|Any CPU
		{C0975F3C-84AA-4321-A341-C94A0A7CD5A9}.Debug|Any CPU.Build.0 = Debug|Any CPU
		{C0975F3C-84AA-4321-A341-C94A0A7CD5A9}.Release|Any CPU.ActiveCfg = Release|Any CPU
		{C0975F3C-84AA-4321-A341-C94A0A7CD5A9}.Release|Any CPU.Build.0 = Release|Any CPU
		{B2286C2F-3D99-429E-9DEE-C2BD2100F7B9}.Debug|Any CPU.ActiveCfg = Debug|Any CPU
		{B2286C2F-3D99-429E-9DEE-C2BD2100F7B9}.Debug|Any CPU.Build.0 = Debug|Any CPU
		{B2286C2F-3D99-429E-9DEE-C2BD2100F7B9}.Release|Any CPU.ActiveCfg = Release|Any CPU
		{B2286C2F-3D99-429E-9DEE-C2BD2100F7B9}.Release|Any CPU.Build.0 = Release|Any CPU
		{21CFF707-1ED3-4718-911A-B3CC4B7B1B9D}.Debug|Any CPU.ActiveCfg = Debug|Any CPU
		{21CFF707-1ED3-4718-911A-B3CC4B7B1B9D}.Debug|Any CPU.Build.0 = Debug|Any CPU
		{21CFF707-1ED3-4718-911A-B3CC4B7B1B9D}.Release|Any CPU.ActiveCfg = Release|Any CPU
		{21CFF707-1ED3-4718-911A-B3CC4B7B1B9D}.Release|Any CPU.Build.0 = Release|Any CPU
		{987D1B6F-06DC-48DA-BD9A-002E19D0FDAC}.Debug|Any CPU.ActiveCfg = Debug|Any CPU
		{987D1B6F-06DC-48DA-BD9A-002E19D0FDAC}.Debug|Any CPU.Build.0 = Debug|Any CPU
		{987D1B6F-06DC-48DA-BD9A-002E19D0FDAC}.Release|Any CPU.ActiveCfg = Release|Any CPU
		{987D1B6F-06DC-48DA-BD9A-002E19D0FDAC}.Release|Any CPU.Build.0 = Release|Any CPU
		{31064910-9665-4443-B2B2-E568C2E37B66}.Debug|Any CPU.ActiveCfg = Debug|Any CPU
		{31064910-9665-4443-B2B2-E568C2E37B66}.Debug|Any CPU.Build.0 = Debug|Any CPU
		{31064910-9665-4443-B2B2-E568C2E37B66}.Release|Any CPU.ActiveCfg = Release|Any CPU
		{31064910-9665-4443-B2B2-E568C2E37B66}.Release|Any CPU.Build.0 = Release|Any CPU
		{84428FFB-1085-4384-858A-AC4459E82385}.Debug|Any CPU.ActiveCfg = Debug|Any CPU
		{84428FFB-1085-4384-858A-AC4459E82385}.Debug|Any CPU.Build.0 = Debug|Any CPU
		{84428FFB-1085-4384-858A-AC4459E82385}.Release|Any CPU.ActiveCfg = Release|Any CPU
		{84428FFB-1085-4384-858A-AC4459E82385}.Release|Any CPU.Build.0 = Release|Any CPU
		{AC0E3548-03A1-4931-AB56-76C18E429F1B}.Debug|Any CPU.ActiveCfg = Debug|Any CPU
		{AC0E3548-03A1-4931-AB56-76C18E429F1B}.Debug|Any CPU.Build.0 = Debug|Any CPU
		{AC0E3548-03A1-4931-AB56-76C18E429F1B}.Release|Any CPU.ActiveCfg = Release|Any CPU
		{AC0E3548-03A1-4931-AB56-76C18E429F1B}.Release|Any CPU.Build.0 = Release|Any CPU
		{7E3CF3CA-87DF-4C48-B47A-315663AFC5C4}.Debug|Any CPU.ActiveCfg = Debug|Any CPU
		{7E3CF3CA-87DF-4C48-B47A-315663AFC5C4}.Debug|Any CPU.Build.0 = Debug|Any CPU
		{7E3CF3CA-87DF-4C48-B47A-315663AFC5C4}.Release|Any CPU.ActiveCfg = Release|Any CPU
		{7E3CF3CA-87DF-4C48-B47A-315663AFC5C4}.Release|Any CPU.Build.0 = Release|Any CPU
		{7B07431C-6E5C-4D77-8B97-42010D8FA040}.Debug|Any CPU.ActiveCfg = Debug|Any CPU
		{7B07431C-6E5C-4D77-8B97-42010D8FA040}.Debug|Any CPU.Build.0 = Debug|Any CPU
		{7B07431C-6E5C-4D77-8B97-42010D8FA040}.Release|Any CPU.ActiveCfg = Release|Any CPU
		{7B07431C-6E5C-4D77-8B97-42010D8FA040}.Release|Any CPU.Build.0 = Release|Any CPU
		{965A7CF7-960F-49B0-9B53-CC1FD59905CB}.Debug|Any CPU.ActiveCfg = Debug|Any CPU
		{965A7CF7-960F-49B0-9B53-CC1FD59905CB}.Debug|Any CPU.Build.0 = Debug|Any CPU
		{965A7CF7-960F-49B0-9B53-CC1FD59905CB}.Release|Any CPU.ActiveCfg = Release|Any CPU
		{965A7CF7-960F-49B0-9B53-CC1FD59905CB}.Release|Any CPU.Build.0 = Release|Any CPU
		{14D2CB60-44C4-41A0-A69E-37E0F36DE962}.Debug|Any CPU.ActiveCfg = Debug|Any CPU
		{14D2CB60-44C4-41A0-A69E-37E0F36DE962}.Debug|Any CPU.Build.0 = Debug|Any CPU
		{14D2CB60-44C4-41A0-A69E-37E0F36DE962}.Release|Any CPU.ActiveCfg = Release|Any CPU
		{14D2CB60-44C4-41A0-A69E-37E0F36DE962}.Release|Any CPU.Build.0 = Release|Any CPU
		{96A1536E-8176-4692-8FCB-6A7020F6F1F8}.Debug|Any CPU.ActiveCfg = Debug|Any CPU
		{96A1536E-8176-4692-8FCB-6A7020F6F1F8}.Debug|Any CPU.Build.0 = Debug|Any CPU
		{96A1536E-8176-4692-8FCB-6A7020F6F1F8}.Release|Any CPU.ActiveCfg = Release|Any CPU
		{96A1536E-8176-4692-8FCB-6A7020F6F1F8}.Release|Any CPU.Build.0 = Release|Any CPU
		{00723030-144B-4985-AC59-B7F398417E1F}.Debug|Any CPU.ActiveCfg = Debug|Any CPU
		{00723030-144B-4985-AC59-B7F398417E1F}.Debug|Any CPU.Build.0 = Debug|Any CPU
		{00723030-144B-4985-AC59-B7F398417E1F}.Release|Any CPU.ActiveCfg = Release|Any CPU
		{00723030-144B-4985-AC59-B7F398417E1F}.Release|Any CPU.Build.0 = Release|Any CPU
		{80B8F359-8740-4409-92DA-557CE23228FD}.Debug|Any CPU.ActiveCfg = Debug|Any CPU
		{80B8F359-8740-4409-92DA-557CE23228FD}.Debug|Any CPU.Build.0 = Debug|Any CPU
		{80B8F359-8740-4409-92DA-557CE23228FD}.Release|Any CPU.ActiveCfg = Release|Any CPU
		{80B8F359-8740-4409-92DA-557CE23228FD}.Release|Any CPU.Build.0 = Release|Any CPU
		{FA68D2B4-A3A4-4CEB-8A2E-43E0B2788FA9}.Debug|Any CPU.ActiveCfg = Debug|Any CPU
		{FA68D2B4-A3A4-4CEB-8A2E-43E0B2788FA9}.Debug|Any CPU.Build.0 = Debug|Any CPU
		{FA68D2B4-A3A4-4CEB-8A2E-43E0B2788FA9}.Release|Any CPU.ActiveCfg = Release|Any CPU
		{FA68D2B4-A3A4-4CEB-8A2E-43E0B2788FA9}.Release|Any CPU.Build.0 = Release|Any CPU
		{CA6716A9-2416-4A2A-9C19-69940DF1AB78}.Debug|Any CPU.ActiveCfg = Debug|Any CPU
		{CA6716A9-2416-4A2A-9C19-69940DF1AB78}.Debug|Any CPU.Build.0 = Debug|Any CPU
		{CA6716A9-2416-4A2A-9C19-69940DF1AB78}.Release|Any CPU.ActiveCfg = Release|Any CPU
		{CA6716A9-2416-4A2A-9C19-69940DF1AB78}.Release|Any CPU.Build.0 = Release|Any CPU
		{9FE63AA6-C594-4F1A-BA9F-EA1ACA374B24}.Debug|Any CPU.ActiveCfg = Debug|Any CPU
		{9FE63AA6-C594-4F1A-BA9F-EA1ACA374B24}.Debug|Any CPU.Build.0 = Debug|Any CPU
		{9FE63AA6-C594-4F1A-BA9F-EA1ACA374B24}.Release|Any CPU.ActiveCfg = Release|Any CPU
		{9FE63AA6-C594-4F1A-BA9F-EA1ACA374B24}.Release|Any CPU.Build.0 = Release|Any CPU
		{0F1DB00F-8562-447D-8570-E4A5E8427203}.Debug|Any CPU.ActiveCfg = Debug|Any CPU
		{0F1DB00F-8562-447D-8570-E4A5E8427203}.Debug|Any CPU.Build.0 = Debug|Any CPU
		{0F1DB00F-8562-447D-8570-E4A5E8427203}.Release|Any CPU.ActiveCfg = Release|Any CPU
		{0F1DB00F-8562-447D-8570-E4A5E8427203}.Release|Any CPU.Build.0 = Release|Any CPU
		{56536035-D4CB-4C81-823E-654C929234DE}.Debug|Any CPU.ActiveCfg = Debug|Any CPU
		{56536035-D4CB-4C81-823E-654C929234DE}.Debug|Any CPU.Build.0 = Debug|Any CPU
		{56536035-D4CB-4C81-823E-654C929234DE}.Release|Any CPU.ActiveCfg = Release|Any CPU
		{56536035-D4CB-4C81-823E-654C929234DE}.Release|Any CPU.Build.0 = Release|Any CPU
		{F4DD06E8-A9D5-4874-A31E-16CC6804BCF3}.Debug|Any CPU.ActiveCfg = Debug|Any CPU
		{F4DD06E8-A9D5-4874-A31E-16CC6804BCF3}.Debug|Any CPU.Build.0 = Debug|Any CPU
		{F4DD06E8-A9D5-4874-A31E-16CC6804BCF3}.Release|Any CPU.ActiveCfg = Release|Any CPU
		{F4DD06E8-A9D5-4874-A31E-16CC6804BCF3}.Release|Any CPU.Build.0 = Release|Any CPU
		{21683839-F04E-45F6-9266-01574D4FC774}.Debug|Any CPU.ActiveCfg = Debug|Any CPU
		{21683839-F04E-45F6-9266-01574D4FC774}.Debug|Any CPU.Build.0 = Debug|Any CPU
		{21683839-F04E-45F6-9266-01574D4FC774}.Release|Any CPU.ActiveCfg = Release|Any CPU
		{21683839-F04E-45F6-9266-01574D4FC774}.Release|Any CPU.Build.0 = Release|Any CPU
	EndGlobalSection
	GlobalSection(SolutionProperties) = preSolution
		HideSolutionNode = FALSE
	EndGlobalSection
	GlobalSection(NestedProjects) = preSolution
		{D867FBFA-43B5-4D26-B721-F37CDF3778C4} = {5CDBFF4C-C3D0-4B33-99A9-63EBEC1D6A0F}
		{D372B4F1-4A82-44D4-8823-1B6BFCD0A95F} = {5CDBFF4C-C3D0-4B33-99A9-63EBEC1D6A0F}
		{4F5EFC67-17BC-4DE7-B525-084E169480B0} = {5CDBFF4C-C3D0-4B33-99A9-63EBEC1D6A0F}
		{7B47047C-41AC-424F-A7CC-050210E8316A} = {5CDBFF4C-C3D0-4B33-99A9-63EBEC1D6A0F}
		{62743BB8-80BD-41FD-BC1C-75CB3916CC3E} = {5CDBFF4C-C3D0-4B33-99A9-63EBEC1D6A0F}
		{7B3DD36D-EA6A-47CF-BA7A-FB40F52DA584} = {AC18602A-F5E2-4739-9BF7-E9CF22F1642A}
		{CA900556-C9B5-41AF-8C62-7B52DAADE1EF} = {7B3DD36D-EA6A-47CF-BA7A-FB40F52DA584}
		{B7239A67-4A92-47F4-88B7-889A9F44BBA2} = {7B3DD36D-EA6A-47CF-BA7A-FB40F52DA584}
		{08ABE783-C034-48D5-B995-4418B253221E} = {5CDBFF4C-C3D0-4B33-99A9-63EBEC1D6A0F}
		{9B05EED4-BB83-4360-8ED2-441851D8E4E6} = {7B3DD36D-EA6A-47CF-BA7A-FB40F52DA584}
		{F3E21DB8-4C79-4435-8D82-BF23FCF1F117} = {2A398211-6E34-4801-9ED3-4EDBED3A534B}
		{6D40FEC5-FA5B-46A1-80DC-25ED6AE01181} = {AC18602A-F5E2-4739-9BF7-E9CF22F1642A}
		{2A398211-6E34-4801-9ED3-4EDBED3A534B} = {AC18602A-F5E2-4739-9BF7-E9CF22F1642A}
		{5BD7ED46-6E49-4E50-9883-9F7C6E204AB9} = {2A398211-6E34-4801-9ED3-4EDBED3A534B}
		{A83A506A-BE0A-45B2-89B0-7B8715D42954} = {2A398211-6E34-4801-9ED3-4EDBED3A534B}
		{E43F33D9-A86F-455A-9A46-F27926166F07} = {AC18602A-F5E2-4739-9BF7-E9CF22F1642A}
		{F594C962-B408-48BD-AC16-AD5D357624A7} = {7B3DD36D-EA6A-47CF-BA7A-FB40F52DA584}
		{FAE23B5F-F731-4234-944E-A3D2C878FB89} = {AC18602A-F5E2-4739-9BF7-E9CF22F1642A}
		{CFA8DC2A-09D5-4307-91E3-FB8D9B76F269} = {FAE23B5F-F731-4234-944E-A3D2C878FB89}
		{DF6B9EB7-EDA5-4B0E-A2A9-6087CE7CA845} = {FAE23B5F-F731-4234-944E-A3D2C878FB89}
		{91D0FA39-CEA8-4859-ACE0-EE89D2C8885B} = {FAE23B5F-F731-4234-944E-A3D2C878FB89}
		{871484EF-BE68-4298-A48A-75681F614E43} = {AC18602A-F5E2-4739-9BF7-E9CF22F1642A}
		{653C119A-2514-40AB-B8C3-94E91F105435} = {AC18602A-F5E2-4739-9BF7-E9CF22F1642A}
		{EAD10021-08D5-4B5A-84CA-C19D5685E8AF} = {871484EF-BE68-4298-A48A-75681F614E43}
		{9670FB62-1BEC-445F-87AE-F415385992C4} = {871484EF-BE68-4298-A48A-75681F614E43}
		{B2BD2B60-A249-4E8D-A160-22B29421F338} = {871484EF-BE68-4298-A48A-75681F614E43}
		{9B65EE60-9AC8-4CC7-B659-A7009F1BC440} = {653C119A-2514-40AB-B8C3-94E91F105435}
		{AFE2FDA8-D489-4D68-BD3C-4D1A59FDFF9D} = {653C119A-2514-40AB-B8C3-94E91F105435}
		{25B950EF-C6FB-4AAB-85F3-22FB94F5A7A5} = {653C119A-2514-40AB-B8C3-94E91F105435}
		{A03BB79A-636D-4DD8-8E60-A65B03144520} = {5CDBFF4C-C3D0-4B33-99A9-63EBEC1D6A0F}
		{DF0A7A2B-0801-4B43-A032-339976A8B5C4} = {AC18602A-F5E2-4739-9BF7-E9CF22F1642A}
		{85CE2D23-8EE2-40C8-9D6B-1505052E9365} = {AC18602A-F5E2-4739-9BF7-E9CF22F1642A}
		{3FFD75C4-D1F6-4B8C-B005-5979B0118EE8} = {DF0A7A2B-0801-4B43-A032-339976A8B5C4}
		{3A092B11-FE47-4AF2-956E-5C96B838C6C7} = {DF0A7A2B-0801-4B43-A032-339976A8B5C4}
		{C0975F3C-84AA-4321-A341-C94A0A7CD5A9} = {DF0A7A2B-0801-4B43-A032-339976A8B5C4}
		{B2286C2F-3D99-429E-9DEE-C2BD2100F7B9} = {5CDBFF4C-C3D0-4B33-99A9-63EBEC1D6A0F}
		{21CFF707-1ED3-4718-911A-B3CC4B7B1B9D} = {85CE2D23-8EE2-40C8-9D6B-1505052E9365}
		{987D1B6F-06DC-48DA-BD9A-002E19D0FDAC} = {85CE2D23-8EE2-40C8-9D6B-1505052E9365}
		{31064910-9665-4443-B2B2-E568C2E37B66} = {85CE2D23-8EE2-40C8-9D6B-1505052E9365}
		{84428FFB-1085-4384-858A-AC4459E82385} = {5CDBFF4C-C3D0-4B33-99A9-63EBEC1D6A0F}
		{4F90A4A4-226F-4160-80EC-EE80F7DE2E0D} = {AC18602A-F5E2-4739-9BF7-E9CF22F1642A}
		{9EEB5DE5-C3A2-475A-98B2-AB9CBD803DC6} = {AC18602A-F5E2-4739-9BF7-E9CF22F1642A}
		{AC0E3548-03A1-4931-AB56-76C18E429F1B} = {2A398211-6E34-4801-9ED3-4EDBED3A534B}
		{FCB114D1-13F7-4DEF-B474-08E97E313D78} = {AC18602A-F5E2-4739-9BF7-E9CF22F1642A}
		{7E3CF3CA-87DF-4C48-B47A-315663AFC5C4} = {E43F33D9-A86F-455A-9A46-F27926166F07}
		{7B07431C-6E5C-4D77-8B97-42010D8FA040} = {9EEB5DE5-C3A2-475A-98B2-AB9CBD803DC6}
		{965A7CF7-960F-49B0-9B53-CC1FD59905CB} = {9EEB5DE5-C3A2-475A-98B2-AB9CBD803DC6}
		{14D2CB60-44C4-41A0-A69E-37E0F36DE962} = {9EEB5DE5-C3A2-475A-98B2-AB9CBD803DC6}
		{96A1536E-8176-4692-8FCB-6A7020F6F1F8} = {4F90A4A4-226F-4160-80EC-EE80F7DE2E0D}
		{00723030-144B-4985-AC59-B7F398417E1F} = {4F90A4A4-226F-4160-80EC-EE80F7DE2E0D}
		{80B8F359-8740-4409-92DA-557CE23228FD} = {4F90A4A4-226F-4160-80EC-EE80F7DE2E0D}
		{FA68D2B4-A3A4-4CEB-8A2E-43E0B2788FA9} = {FCB114D1-13F7-4DEF-B474-08E97E313D78}
		{CA6716A9-2416-4A2A-9C19-69940DF1AB78} = {FCB114D1-13F7-4DEF-B474-08E97E313D78}
		{9FE63AA6-C594-4F1A-BA9F-EA1ACA374B24} = {FCB114D1-13F7-4DEF-B474-08E97E313D78}
		{0F1DB00F-8562-447D-8570-E4A5E8427203} = {5CDBFF4C-C3D0-4B33-99A9-63EBEC1D6A0F}
		{EBB13E6F-75B8-46F4-A1DD-1B479486CB8A} = {AC18602A-F5E2-4739-9BF7-E9CF22F1642A}
		{F4DD06E8-A9D5-4874-A31E-16CC6804BCF3} = {6D40FEC5-FA5B-46A1-80DC-25ED6AE01181}
		{21683839-F04E-45F6-9266-01574D4FC774} = {EBB13E6F-75B8-46F4-A1DD-1B479486CB8A}
	EndGlobalSection
	GlobalSection(ExtensibilityGlobals) = postSolution
		SolutionGuid = {2B4984FC-0EF1-405F-9C70-70B18239A5FC}
	EndGlobalSection
EndGlobal
